github.com/golang/glog v0.0.0-20160126235308-23def4e6c14b h1:VKtxabqXZkF25pY9ekfRL6a582T4P37/31XEstQ5p58=
github.com/golang/glog v0.0.0-20160126235308-23def4e6c14b/go.mod h1:SBH7ygxi8pfUlaOkMMuAQtPIUF8ecWP5IEl/CR7VP2Q=
github.com/imdario/go-ulid v0.0.0-20180116185620-aeb52bf96595 h1:8MKHx/6AMMFGslqvr37RF7zktr3eJmY1z2FKdq3Zo/o=
github.com/imdario/go-ulid v0.0.0-20180116185620-aeb52bf96595/go.mod h1:ugPCasYVpR6Cf8xlF0vkZdVKntj7zTgo9pLR4Si7Boo=
github.com/pkg/errors v0.8.1 h1:iURUrRGxPUNPdy5/HRSm+Yj6okJ6UtLINN0Q9M4+h3I=
github.com/pkg/errors v0.8.1/go.mod h1:bwawxfHBFNV+L2hUp1rHADufV3IMtnDRdf1r5NINEl0=
github.com/scgolang/osc v0.10.0 h1:2exVuzOpyiSKvx+wLJScAUmIw5i0diH3YhTNKD9xB7I=
github.com/scgolang/osc v0.10.0/go.mod h1:fu5QITvJ5w2pzKXJBmyVTF89ZycPN4bS4cOHJErpR2A=
